
Microsoft Visual Studio Solution File, Format Version 12.00
# Visual Studio Version 17
VisualStudioVersion = 17.10.35013.160
MinimumVisualStudioVersion = 10.0.40219.1
Project("{54A90642-561A-4BB1-A94E-469ADEE60C69}") = "PersonalHub", "PersonalHub\PersonalHub.esproj", "{3CA69BFA-CE9F-430D-AE3D-78892DF30A8B}"
EndProject
Global
	GlobalSection(SolutionConfigurationPlatforms) = preSolution
		Debug|Any CPU = Debug|Any CPU
		Release|Any CPU = Release|Any CPU
	EndGlobalSection
	GlobalSection(ProjectConfigurationPlatforms) = postSolution
		{3CA69BFA-CE9F-430D-AE3D-78892DF30A8B}.Debug|Any CPU.ActiveCfg = Debug|Any CPU
		{3CA69BFA-CE9F-430D-AE3D-78892DF30A8B}.Debug|Any CPU.Build.0 = Debug|Any CPU
		{3CA69BFA-CE9F-430D-AE3D-78892DF30A8B}.Debug|Any CPU.Deploy.0 = Debug|Any CPU
		{3CA69BFA-CE9F-430D-AE3D-78892DF30A8B}.Release|Any CPU.ActiveCfg = Release|Any CPU
		{3CA69BFA-CE9F-430D-AE3D-78892DF30A8B}.Release|Any CPU.Build.0 = Release|Any CPU
		{3CA69BFA-CE9F-430D-AE3D-78892DF30A8B}.Release|Any CPU.Deploy.0 = Release|Any CPU
	EndGlobalSection
	GlobalSection(SolutionProperties) = preSolution
		HideSolutionNode = FALSE
	EndGlobalSection
	GlobalSection(ExtensibilityGlobals) = postSolution
		SolutionGuid = {47271F04-01D1-4D00-99AD-51C2F99E6991}
	EndGlobalSection
EndGlobal
